
Microsoft Visual Studio Solution File, Format Version 12.00
# Visual Studio Version 17
VisualStudioVersion = 17.1.32228.430
MinimumVisualStudioVersion = 10.0.40219.1
Project("{FAE04EC0-301F-11D3-BF4B-00C04F79EFBC}") = "TFLRoutePlanner", "TFLRoutePlanner\TFLRoutePlanner.csproj", "{C52BF85C-E33C-49CC-8B91-55884168AC6F}"
EndProject
Project("{FAE04EC0-301F-11D3-BF4B-00C04F79EFBC}") = "TFLRoutePlannerBL", "TFLRoutePlannerBL\TFLRoutePlannerBL.csproj", "{5972237D-5E00-412F-877E-E520F2D774EA}"
EndProject
Project("{FAE04EC0-301F-11D3-BF4B-00C04F79EFBC}") = "TFLRoutePlannerData", "TFLRoutePlannerData\TFLRoutePlannerData.csproj", "{00357D09-2799-494F-96B9-FEE026F37EA3}"
EndProject
Project("{FAE04EC0-301F-11D3-BF4B-00C04F79EFBC}") = "TFLRoutePlannerTests", "TFLRoutePlannerTests\TFLRoutePlannerTests.csproj", "{39476E7C-901F-4737-9383-EB99E6CB78DD}"
EndProject
Project("{FAE04EC0-301F-11D3-BF4B-00C04F79EFBC}") = "TFLRoutePlannerUtilities", "TFLRoutePlannerUtilities\TFLRoutePlannerUtilities.csproj", "{3758DB3A-007F-492B-AD6A-E11021C8F4D9}"
EndProject
Global
	GlobalSection(SolutionConfigurationPlatforms) = preSolution
		Debug|Any CPU = Debug|Any CPU
		Release|Any CPU = Release|Any CPU
	EndGlobalSection
	GlobalSection(ProjectConfigurationPlatforms) = postSolution
		{C52BF85C-E33C-49CC-8B91-55884168AC6F}.Debug|Any CPU.ActiveCfg = Debug|Any CPU
		{C52BF85C-E33C-49CC-8B91-55884168AC6F}.Debug|Any CPU.Build.0 = Debug|Any CPU
		{C52BF85C-E33C-49CC-8B91-55884168AC6F}.Release|Any CPU.ActiveCfg = Release|Any CPU
		{C52BF85C-E33C-49CC-8B91-55884168AC6F}.Release|Any CPU.Build.0 = Release|Any CPU
		{5972237D-5E00-412F-877E-E520F2D774EA}.Debug|Any CPU.ActiveCfg = Debug|Any CPU
		{5972237D-5E00-412F-877E-E520F2D774EA}.Debug|Any CPU.Build.0 = Debug|Any CPU
		{5972237D-5E00-412F-877E-E520F2D774EA}.Release|Any CPU.ActiveCfg = Release|Any CPU
		{5972237D-5E00-412F-877E-E520F2D774EA}.Release|Any CPU.Build.0 = Release|Any CPU
		{00357D09-2799-494F-96B9-FEE026F37EA3}.Debug|Any CPU.ActiveCfg = Debug|Any CPU
		{00357D09-2799-494F-96B9-FEE026F37EA3}.Debug|Any CPU.Build.0 = Debug|Any CPU
		{00357D09-2799-494F-96B9-FEE026F37EA3}.Release|Any CPU.ActiveCfg = Release|Any CPU
		{00357D09-2799-494F-96B9-FEE026F37EA3}.Release|Any CPU.Build.0 = Release|Any CPU
		{39476E7C-901F-4737-9383-EB99E6CB78DD}.Debug|Any CPU.ActiveCfg = Debug|Any CPU
		{39476E7C-901F-4737-9383-EB99E6CB78DD}.Debug|Any CPU.Build.0 = Debug|Any CPU
		{39476E7C-901F-4737-9383-EB99E6CB78DD}.Release|Any CPU.ActiveCfg = Release|Any CPU
		{39476E7C-901F-4737-9383-EB99E6CB78DD}.Release|Any CPU.Build.0 = Release|Any CPU
		{3758DB3A-007F-492B-AD6A-E11021C8F4D9}.Debug|Any CPU.ActiveCfg = Debug|Any CPU
		{3758DB3A-007F-492B-AD6A-E11021C8F4D9}.Debug|Any CPU.Build.0 = Debug|Any CPU
		{3758DB3A-007F-492B-AD6A-E11021C8F4D9}.Release|Any CPU.ActiveCfg = Release|Any CPU
		{3758DB3A-007F-492B-AD6A-E11021C8F4D9}.Release|Any CPU.Build.0 = Release|Any CPU
	EndGlobalSection
	GlobalSection(SolutionProperties) = preSolution
		HideSolutionNode = FALSE
	EndGlobalSection
	GlobalSection(ExtensibilityGlobals) = postSolution
		SolutionGuid = {B1F7BB61-E55F-4930-90D6-BF0103BCAD2A}
	EndGlobalSection
EndGlobal
